<Solution>
  <Folder Name="/src/">
    <Project Path="src/Tadpole.Api/Tadpole.Api.csproj" />
    <Project Path="src/Tadpole.Application/Tadpole.Application.csproj" />
    <Project Path="src/Tadpole.Domain/Tadpole.Domain.csproj" />
    <Project Path="src/Tadpole.Infrastructure/Tadpole.Infrastructure.csproj" />
  </Folder>
  <Folder Name="/tests/">
    <Project Path="tests/Tadpole.UnitTests/Tadpole.UnitTests.csproj" />
  </Folder>
</Solution>
